{
  "name": "hello-insecure",
  "version": "1.0.0",
  "lockfileVersion": 1,
  "requires": true,
  "dependencies": {
    "apache-2.0-licensed": {
      "version": "1.0.1",
      "resolved": "https://registry.npmjs.org/apache-2.0-licensed/-/apache-2.0-licensed-1.0.1.tgz",
      "integrity": "sha1-0e2mgl69kfmgR1fERHtdFnEIVis="
    },
    "gpl-2.0-licensed": {
      "version": "1.0.0",
      "resolved": "https://registry.npmjs.org/gpl-2.0-licensed/-/gpl-2.0-licensed-1.0.0.tgz",
      "integrity": "sha512-KNol5xR+cOQ8mST4GyymwM04GaJhDzC9DZJlGrz3sIBT22Ng49qBRlLmOdVDsvsrpu6xe0fmlqMO+uEDHq0G2Q=="
    },
    "jquery": {
      "version": "3.4.0",
      "resolved": "https://registry.npmjs.org/jquery/-/jquery-3.4.0.tgz",
      "integrity": "sha512-ggRCXln9zEqv6OqAGXFEcshF5dSBvCkzj6Gm2gzuR5fWawaX8t7cxKVkkygKODrDAzKdoYw3l/e3pm3vlT4IbQ=="
    }
  }
}
